
Microsoft Visual Studio Solution File, Format Version 12.00
# Visual Studio 15
VisualStudioVersion = 15.0.28307.572
MinimumVisualStudioVersion = 10.0.40219.1
Project("{FAE04EC0-301F-11D3-BF4B-00C04F79EFBC}") = "bring.Android", "bring\bring.Android\bring.Android.csproj", "{C0573B73-A72C-4C6C-A7A8-B53E8C0C5A67}"
EndProject
Project("{FAE04EC0-301F-11D3-BF4B-00C04F79EFBC}") = "bring", "bring\bring\bring.csproj", "{D9EA7EAB-B2A1-4EC8-9D93-146970423541}"
EndProject
Global
	GlobalSection(SolutionConfigurationPlatforms) = preSolution
		Debug|Any CPU = Debug|Any CPU
		Release|Any CPU = Release|Any CPU
	EndGlobalSection
	GlobalSection(ProjectConfigurationPlatforms) = postSolution
		{C0573B73-A72C-4C6C-A7A8-B53E8C0C5A67}.Debug|Any CPU.ActiveCfg = Debug|Any CPU
		{C0573B73-A72C-4C6C-A7A8-B53E8C0C5A67}.Debug|Any CPU.Build.0 = Debug|Any CPU
		{C0573B73-A72C-4C6C-A7A8-B53E8C0C5A67}.Debug|Any CPU.Deploy.0 = Debug|Any CPU
		{C0573B73-A72C-4C6C-A7A8-B53E8C0C5A67}.Release|Any CPU.ActiveCfg = Release|Any CPU
		{C0573B73-A72C-4C6C-A7A8-B53E8C0C5A67}.Release|Any CPU.Build.0 = Release|Any CPU
		{C0573B73-A72C-4C6C-A7A8-B53E8C0C5A67}.Release|Any CPU.Deploy.0 = Release|Any CPU
		{D9EA7EAB-B2A1-4EC8-9D93-146970423541}.Debug|Any CPU.ActiveCfg = Debug|Any CPU
		{D9EA7EAB-B2A1-4EC8-9D93-146970423541}.Debug|Any CPU.Build.0 = Debug|Any CPU
		{D9EA7EAB-B2A1-4EC8-9D93-146970423541}.Debug|Any CPU.Deploy.0 = Debug|Any CPU
		{D9EA7EAB-B2A1-4EC8-9D93-146970423541}.Release|Any CPU.ActiveCfg = Release|Any CPU
		{D9EA7EAB-B2A1-4EC8-9D93-146970423541}.Release|Any CPU.Build.0 = Release|Any CPU
		{D9EA7EAB-B2A1-4EC8-9D93-146970423541}.Release|Any CPU.Deploy.0 = Release|Any CPU
	EndGlobalSection
	GlobalSection(SolutionProperties) = preSolution
		HideSolutionNode = FALSE
	EndGlobalSection
	GlobalSection(ExtensibilityGlobals) = postSolution
		SolutionGuid = {016F466F-6737-40E3-AB2E-C0124ED3CB00}
	EndGlobalSection
EndGlobal
